
Microsoft Visual Studio Solution File, Format Version 12.00
# Visual Studio Version 16
VisualStudioVersion = 16.0.29911.84
MinimumVisualStudioVersion = 10.0.40219.1
Project("{FAE04EC0-301F-11D3-BF4B-00C04F79EFBC}") = "Entidades", "Entidades\Entidades.csproj", "{B701E10D-23D7-4D4F-AB27-536E5B70F1E7}"
EndProject
Project("{FAE04EC0-301F-11D3-BF4B-00C04F79EFBC}") = "MiCalculadora", "MiCalculadora\MiCalculadora.csproj", "{D335A1CD-52B1-42CB-940F-C563173BB4EE}"
EndProject
Global
	GlobalSection(SolutionConfigurationPlatforms) = preSolution
		Debug|Any CPU = Debug|Any CPU
		Release|Any CPU = Release|Any CPU
	EndGlobalSection
	GlobalSection(ProjectConfigurationPlatforms) = postSolution
		{B701E10D-23D7-4D4F-AB27-536E5B70F1E7}.Debug|Any CPU.ActiveCfg = Debug|Any CPU
		{B701E10D-23D7-4D4F-AB27-536E5B70F1E7}.Debug|Any CPU.Build.0 = Debug|Any CPU
		{B701E10D-23D7-4D4F-AB27-536E5B70F1E7}.Release|Any CPU.ActiveCfg = Release|Any CPU
		{B701E10D-23D7-4D4F-AB27-536E5B70F1E7}.Release|Any CPU.Build.0 = Release|Any CPU
		{D335A1CD-52B1-42CB-940F-C563173BB4EE}.Debug|Any CPU.ActiveCfg = Debug|Any CPU
		{D335A1CD-52B1-42CB-940F-C563173BB4EE}.Debug|Any CPU.Build.0 = Debug|Any CPU
		{D335A1CD-52B1-42CB-940F-C563173BB4EE}.Release|Any CPU.ActiveCfg = Release|Any CPU
		{D335A1CD-52B1-42CB-940F-C563173BB4EE}.Release|Any CPU.Build.0 = Release|Any CPU
	EndGlobalSection
	GlobalSection(SolutionProperties) = preSolution
		HideSolutionNode = FALSE
	EndGlobalSection
	GlobalSection(ExtensibilityGlobals) = postSolution
		SolutionGuid = {B250670C-A60B-4234-A369-64897CB123A6}
	EndGlobalSection
EndGlobal
