
Microsoft Visual Studio Solution File, Format Version 12.00
# Visual Studio Version 16
VisualStudioVersion = 16.0.29911.84
MinimumVisualStudioVersion = 10.0.40219.1
Project("{FAE04EC0-301F-11D3-BF4B-00C04F79EFBC}") = "Clases_Abstractas", "Clases_Abstractas\Clases_Abstractas.csproj", "{9A9D2E87-D996-4660-9174-BBF6E1DACB6F}"
EndProject
Project("{FAE04EC0-301F-11D3-BF4B-00C04F79EFBC}") = "Excepciones", "Excepciones\Excepciones.csproj", "{F2EE890D-1748-4EC5-817B-C0DC6CD5FC79}"
EndProject
Project("{FAE04EC0-301F-11D3-BF4B-00C04F79EFBC}") = "ClasesInstanciables", "ClasesInstanciables\ClasesInstanciables.csproj", "{A9003A15-579B-4A19-BE88-5CBF01CE5B98}"
EndProject
Global
	GlobalSection(SolutionConfigurationPlatforms) = preSolution
		Debug|Any CPU = Debug|Any CPU
		Release|Any CPU = Release|Any CPU
	EndGlobalSection
	GlobalSection(ProjectConfigurationPlatforms) = postSolution
		{9A9D2E87-D996-4660-9174-BBF6E1DACB6F}.Debug|Any CPU.ActiveCfg = Debug|Any CPU
		{9A9D2E87-D996-4660-9174-BBF6E1DACB6F}.Debug|Any CPU.Build.0 = Debug|Any CPU
		{9A9D2E87-D996-4660-9174-BBF6E1DACB6F}.Release|Any CPU.ActiveCfg = Release|Any CPU
		{9A9D2E87-D996-4660-9174-BBF6E1DACB6F}.Release|Any CPU.Build.0 = Release|Any CPU
		{F2EE890D-1748-4EC5-817B-C0DC6CD5FC79}.Debug|Any CPU.ActiveCfg = Debug|Any CPU
		{F2EE890D-1748-4EC5-817B-C0DC6CD5FC79}.Debug|Any CPU.Build.0 = Debug|Any CPU
		{F2EE890D-1748-4EC5-817B-C0DC6CD5FC79}.Release|Any CPU.ActiveCfg = Release|Any CPU
		{F2EE890D-1748-4EC5-817B-C0DC6CD5FC79}.Release|Any CPU.Build.0 = Release|Any CPU
		{A9003A15-579B-4A19-BE88-5CBF01CE5B98}.Debug|Any CPU.ActiveCfg = Debug|Any CPU
		{A9003A15-579B-4A19-BE88-5CBF01CE5B98}.Debug|Any CPU.Build.0 = Debug|Any CPU
		{A9003A15-579B-4A19-BE88-5CBF01CE5B98}.Release|Any CPU.ActiveCfg = Release|Any CPU
		{A9003A15-579B-4A19-BE88-5CBF01CE5B98}.Release|Any CPU.Build.0 = Release|Any CPU
	EndGlobalSection
	GlobalSection(SolutionProperties) = preSolution
		HideSolutionNode = FALSE
	EndGlobalSection
	GlobalSection(ExtensibilityGlobals) = postSolution
		SolutionGuid = {5909B7CD-512B-4ED9-B60A-7623DE183F76}
	EndGlobalSection
EndGlobal
